
Microsoft Visual Studio Solution File, Format Version 12.00
# Visual Studio Version 16
VisualStudioVersion = 16.0.29326.143
MinimumVisualStudioVersion = 10.0.40219.1
Project("{FAE04EC0-301F-11D3-BF4B-00C04F79EFBC}") = "MvcHist", "MvcHist\MvcHist.csproj", "{47B6E788-447F-4B8C-B220-957CB8720A4F}"
EndProject
Project("{FAE04EC0-301F-11D3-BF4B-00C04F79EFBC}") = "MvcHist.Tests", "MvcHist.Tests\MvcHist.Tests.csproj", "{CAA5396E-2023-4A87-BC3D-FD0212FDBFDD}"
EndProject
Global
	GlobalSection(SolutionConfigurationPlatforms) = preSolution
		Debug|Any CPU = Debug|Any CPU
		Release|Any CPU = Release|Any CPU
	EndGlobalSection
	GlobalSection(ProjectConfigurationPlatforms) = postSolution
		{47B6E788-447F-4B8C-B220-957CB8720A4F}.Debug|Any CPU.ActiveCfg = Debug|Any CPU
		{47B6E788-447F-4B8C-B220-957CB8720A4F}.Debug|Any CPU.Build.0 = Debug|Any CPU
		{47B6E788-447F-4B8C-B220-957CB8720A4F}.Release|Any CPU.ActiveCfg = Release|Any CPU
		{47B6E788-447F-4B8C-B220-957CB8720A4F}.Release|Any CPU.Build.0 = Release|Any CPU
		{CAA5396E-2023-4A87-BC3D-FD0212FDBFDD}.Debug|Any CPU.ActiveCfg = Debug|Any CPU
		{CAA5396E-2023-4A87-BC3D-FD0212FDBFDD}.Debug|Any CPU.Build.0 = Debug|Any CPU
		{CAA5396E-2023-4A87-BC3D-FD0212FDBFDD}.Release|Any CPU.ActiveCfg = Release|Any CPU
		{CAA5396E-2023-4A87-BC3D-FD0212FDBFDD}.Release|Any CPU.Build.0 = Release|Any CPU
	EndGlobalSection
	GlobalSection(SolutionProperties) = preSolution
		HideSolutionNode = FALSE
	EndGlobalSection
	GlobalSection(ExtensibilityGlobals) = postSolution
		SolutionGuid = {C8928070-CA3B-49AF-A2AB-A6494CEA8B1A}
	EndGlobalSection
EndGlobal
