
Microsoft Visual Studio Solution File, Format Version 12.00
# Visual Studio 14
VisualStudioVersion = 14.0.25420.1
MinimumVisualStudioVersion = 10.0.40219.1
Project("{FAE04EC0-301F-11D3-BF4B-00C04F79EFBC}") = "MvcHist", "MvcHist\MvcHist.csproj", "{C19BA590-E821-46C0-9158-E1C3AE4C1AA1}"
EndProject
Project("{FAE04EC0-301F-11D3-BF4B-00C04F79EFBC}") = "MvcHist.Tests", "MvcHist.Tests\MvcHist.Tests.csproj", "{3BAB652A-0B88-407D-8328-F71B99A4DA38}"
EndProject
Global
	GlobalSection(SolutionConfigurationPlatforms) = preSolution
		Debug|Any CPU = Debug|Any CPU
		Release|Any CPU = Release|Any CPU
	EndGlobalSection
	GlobalSection(ProjectConfigurationPlatforms) = postSolution
		{C19BA590-E821-46C0-9158-E1C3AE4C1AA1}.Debug|Any CPU.ActiveCfg = Debug|Any CPU
		{C19BA590-E821-46C0-9158-E1C3AE4C1AA1}.Debug|Any CPU.Build.0 = Debug|Any CPU
		{C19BA590-E821-46C0-9158-E1C3AE4C1AA1}.Release|Any CPU.ActiveCfg = Release|Any CPU
		{C19BA590-E821-46C0-9158-E1C3AE4C1AA1}.Release|Any CPU.Build.0 = Release|Any CPU
		{3BAB652A-0B88-407D-8328-F71B99A4DA38}.Debug|Any CPU.ActiveCfg = Debug|Any CPU
		{3BAB652A-0B88-407D-8328-F71B99A4DA38}.Debug|Any CPU.Build.0 = Debug|Any CPU
		{3BAB652A-0B88-407D-8328-F71B99A4DA38}.Release|Any CPU.ActiveCfg = Release|Any CPU
		{3BAB652A-0B88-407D-8328-F71B99A4DA38}.Release|Any CPU.Build.0 = Release|Any CPU
	EndGlobalSection
	GlobalSection(SolutionProperties) = preSolution
		HideSolutionNode = FALSE
	EndGlobalSection
EndGlobal
